{
  "version": 4,
  "terraform_version": "0.13.4",
  "serial": 4,
  "lineage": "d5c20a7b-5fe5-42b8-4596-1f81c6d5e5a0",
  "outputs": {},
  "resources": [
    {
      "mode": "managed",
      "type": "elasticsearch_api_key",
      "name": "test",
      "provider": "provider[\"registry.terraform.io/estaldo/elasticsearch\"]",
      "instances": [
        {
          "schema_version": 0,
          "attributes": {
            "expiration": "7d",
            "id": "jLLimXUBPNL1N7BG64RV",
            "name": "test",
            "role_descriptors": []
          },
          "private": "bnVsbA=="
        }
      ]
    },
    {
      "mode": "managed",
      "type": "elasticsearch_role",
      "name": "test",
      "provider": "provider[\"registry.terraform.io/estaldo/elasticsearch\"]",
      "instances": [
        {
          "schema_version": 0,
          "attributes": {
            "applications": [],
            "cluster": [
              "all"
            ],
            "id": "test",
            "indices": [
              {
                "allow_restricted_indices": false,
                "field_security": [
                  {
                    "grant": [
                      "*"
                    ]
                  }
                ],
                "names": [
                  "*"
                ],
                "privileges": [
                  "all"
                ],
                "query": ""
              }
            ],
            "metadata": {
              "meta1": "value1",
              "meta2": "value2"
            },
            "name": "test",
            "run_as": null
          },
          "private": "bnVsbA==",
          "dependencies": [
            "elasticsearch_user.test"
          ]
        }
      ]
    },
    {
      "mode": "managed",
      "type": "elasticsearch_user",
      "name": "test",
      "provider": "provider[\"registry.terraform.io/estaldo/elasticsearch\"]",
      "instances": [
        {
          "schema_version": 0,
          "attributes": {
            "email": "email@email.nope",
            "enabled": false,
            "full_name": "Full Name",
            "id": "username",
            "metadata": {
              "meta1": "value1",
              "meta2": "value2"
            },
            "password": "password",
            "roles": [
              "test"
            ],
            "username": "username"
          },
          "private": "bnVsbA=="
        }
      ]
    }
  ]
}
